// !$*UTF8*$!
{
	archiveVersion = 1;
	classes = {
	};
	objectVersion = 50;
	objects = {

/* Begin PBXBuildFile section */
		E52F531423D5D8780066A60A /* AppDelegate.swift in Sources */ = {isa = PBXBuildFile; fileRef = E52F531323D5D8780066A60A /* AppDelegate.swift */; };
		E52F531623D5D8780066A60A /* SceneDelegate.swift in Sources */ = {isa = PBXBuildFile; fileRef = E52F531523D5D8780066A60A /* SceneDelegate.swift */; };
		E52F531823D5D8780066A60A /* ViewController.swift in Sources */ = {isa = PBXBuildFile; fileRef = E52F531723D5D8780066A60A /* ViewController.swift */; };
		E52F531B23D5D8780066A60A /* Main.storyboard in Resources */ = {isa = PBXBuildFile; fileRef = E52F531923D5D8780066A60A /* Main.storyboard */; };
		E52F531D23D5D87C0066A60A /* Assets.xcassets in Resources */ = {isa = PBXBuildFile; fileRef = E52F531C23D5D87C0066A60A /* Assets.xcassets */; };
		E52F532023D5D87C0066A60A /* LaunchScreen.storyboard in Resources */ = {isa = PBXBuildFile; fileRef = E52F531E23D5D87C0066A60A /* LaunchScreen.storyboard */; };
		E52F532B23D5D87C0066A60A /* techacademy_5_0Tests.swift in Sources */ = {isa = PBXBuildFile; fileRef = E52F532A23D5D87C0066A60A /* techacademy_5_0Tests.swift */; };
		E52F533623D5D87C0066A60A /* techacademy_5_0UITests.swift in Sources */ = {isa = PBXBuildFile; fileRef = E52F533523D5D87C0066A60A /* techacademy_5_0UITests.swift */; };
/* End PBXBuildFile section */

/* Begin PBXContainerItemProxy section */
		E52F532723D5D87C0066A60A /* PBXContainerItemProxy */ = {
			isa = PBXContainerItemProxy;
			containerPortal = E52F530823D5D8780066A60A /* Project object */;
			proxyType = 1;
			remoteGlobalIDString = E52F530F23D5D8780066A60A;
			remoteInfo = "techacademy 5-0";
		};
		E52F533223D5D87C0066A60A /* PBXContainerItemProxy */ = {
			isa = PBXContainerItemProxy;
			containerPortal = E52F530823D5D8780066A60A /* Project object */;
			proxyType = 1;
			remoteGlobalIDString = E52F530F23D5D8780066A60A;
			remoteInfo = "techacademy 5-0";
		};
/* End PBXContainerItemProxy section */

/* Begin PBXFileReference section */
		E52F531023D5D8780066A60A /* techacademy 5-0.app */ = {isa = PBXFileReference; explicitFileType = wrapper.application; includeInIndex = 0; path = "techacademy 5-0.app"; sourceTree = BUILT_PRODUCTS_DIR; };
		E52F531323D5D8780066A60A /* AppDelegate.swift */ = {isa = PBXFileReference; lastKnownFileType = sourcecode.swift; path = AppDelegate.swift; sourceTree = "<group>"; };
		E52F531523D5D8780066A60A /* SceneDelegate.swift */ = {isa = PBXFileReference; lastKnownFileType = sourcecode.swift; path = SceneDelegate.swift; sourceTree = "<group>"; };
		E52F531723D5D8780066A60A /* ViewController.swift */ = {isa = PBXFileReference; lastKnownFileType = sourcecode.swift; path = ViewController.swift; sourceTree = "<group>"; };
		E52F531A23D5D8780066A60A /* Base */ = {isa = PBXFileReference; lastKnownFileType = file.storyboard; name = Base; path = Base.lproj/Main.storyboard; sourceTree = "<group>"; };
		E52F531C23D5D87C0066A60A /* Assets.xcassets */ = {isa = PBXFileReference; lastKnownFileType = folder.assetcatalog; path = Assets.xcassets; sourceTree = "<group>"; };
		E52F531F23D5D87C0066A60A /* Base */ = {isa = PBXFileReference; lastKnownFileType = file.storyboard; name = Base; path = Base.lproj/LaunchScreen.storyboard; sourceTree = "<group>"; };
		E52F532123D5D87C0066A60A /* Info.plist */ = {isa = PBXFileReference; lastKnownFileType = text.plist.xml; path = Info.plist; sourceTree = "<group>"; };
		E52F532623D5D87C0066A60A /* techacademy 5-0Tests.xctest */ = {isa = PBXFileReference; explicitFileType = wrapper.cfbundle; includeInIndex = 0; path = "techacademy 5-0Tests.xctest"; sourceTree = BUILT_PRODUCTS_DIR; };
		E52F532A23D5D87C0066A60A /* techacademy_5_0Tests.swift */ = {isa = PBXFileReference; lastKnownFileType = sourcecode.swift; path = techacademy_5_0Tests.swift; sourceTree = "<group>"; };
		E52F532C23D5D87C0066A60A /* Info.plist */ = {isa = PBXFileReference; lastKnownFileType = text.plist.xml; path = Info.plist; sourceTree = "<group>"; };
		E52F533123D5D87C0066A60A /* techacademy 5-0UITests.xctest */ = {isa = PBXFileReference; explicitFileType = wrapper.cfbundle; includeInIndex = 0; path = "techacademy 5-0UITests.xctest"; sourceTree = BUILT_PRODUCTS_DIR; };
		E52F533523D5D87C0066A60A /* techacademy_5_0UITests.swift */ = {isa = PBXFileReference; lastKnownFileType = sourcecode.swift; path = techacademy_5_0UITests.swift; sourceTree = "<group>"; };
		E52F533723D5D87C0066A60A /* Info.plist */ = {isa = PBXFileReference; lastKnownFileType = text.plist.xml; path = Info.plist; sourceTree = "<group>"; };
/* End PBXFileReference section */

/* Begin PBXFrameworksBuildPhase section */
		E52F530D23D5D8780066A60A /* Frameworks */ = {
			isa = PBXFrameworksBuildPhase;
			buildActionMask = 2147483647;
			files = (
			);
			runOnlyForDeploymentPostprocessing = 0;
		};
		E52F532323D5D87C0066A60A /* Frameworks */ = {
			isa = PBXFrameworksBuildPhase;
			buildActionMask = 2147483647;
			files = (
			);
			runOnlyForDeploymentPostprocessing = 0;
		};
		E52F532E23D5D87C0066A60A /* Frameworks */ = {
			isa = PBXFrameworksBuildPhase;
			buildActionMask = 2147483647;
			files = (
			);
			runOnlyForDeploymentPostprocessing = 0;
		};
/* End PBXFrameworksBuildPhase section */

/* Begin PBXGroup section */
		E52F530723D5D8780066A60A = {
			isa = PBXGroup;
			children = (
				E52F531223D5D8780066A60A /* techacademy 5-0 */,
				E52F532923D5D87C0066A60A /* techacademy 5-0Tests */,
				E52F533423D5D87C0066A60A /* techacademy 5-0UITests */,
				E52F531123D5D8780066A60A /* Products */,
			);
			sourceTree = "<group>";
		};
		E52F531123D5D8780066A60A /* Products */ = {
			isa = PBXGroup;
			children = (
				E52F531023D5D8780066A60A /* techacademy 5-0.app */,
				E52F532623D5D87C0066A60A /* techacademy 5-0Tests.xctest */,
				E52F533123D5D87C0066A60A /* techacademy 5-0UITests.xctest */,
			);
			name = Products;
			sourceTree = "<group>";
		};
		E52F531223D5D8780066A60A /* techacademy 5-0 */ = {
			isa = PBXGroup;
			children = (
				E52F531323D5D8780066A60A /* AppDelegate.swift */,
				E52F531523D5D8780066A60A /* SceneDelegate.swift */,
				E52F531723D5D8780066A60A /* ViewController.swift */,
				E52F531923D5D8780066A60A /* Main.storyboard */,
				E52F531C23D5D87C0066A60A /* Assets.xcassets */,
				E52F531E23D5D87C0066A60A /* LaunchScreen.storyboard */,
				E52F532123D5D87C0066A60A /* Info.plist */,
			);
			path = "techacademy 5-0";
			sourceTree = "<group>";
		};
		E52F532923D5D87C0066A60A /* techacademy 5-0Tests */ = {
			isa = PBXGroup;
			children = (
				E52F532A23D5D87C0066A60A /* techacademy_5_0Tests.swift */,
				E52F532C23D5D87C0066A60A /* Info.plist */,
			);
			path = "techacademy 5-0Tests";
			sourceTree = "<group>";
		};
		E52F533423D5D87C0066A60A /* techacademy 5-0UITests */ = {
			isa = PBXGroup;
			children = (
				E52F533523D5D87C0066A60A /* techacademy_5_0UITests.swift */,
				E52F533723D5D87C0066A60A /* Info.plist */,
			);
			path = "techacademy 5-0UITests";
			sourceTree = "<group>";
		};
/* End PBXGroup section */

/* Begin PBXNativeTarget section */
		E52F530F23D5D8780066A60A /* techacademy 5-0 */ = {
			isa = PBXNativeTarget;
			buildConfigurationList = E52F533A23D5D87C0066A60A /* Build configuration list for PBXNativeTarget "techacademy 5-0" */;
			buildPhases = (
				E52F530C23D5D8780066A60A /* Sources */,
				E52F530D23D5D8780066A60A /* Frameworks */,
				E52F530E23D5D8780066A60A /* Resources */,
			);
			buildRules = (
			);
			dependencies = (
			);
			name = "techacademy 5-0";
			productName = "techacademy 5-0";
			productReference = E52F531023D5D8780066A60A /* techacademy 5-0.app */;
			productType = "com.apple.product-type.application";
		};
		E52F532523D5D87C0066A60A /* techacademy 5-0Tests */ = {
			isa = PBXNativeTarget;
			buildConfigurationList = E52F533D23D5D87C0066A60A /* Build configuration list for PBXNativeTarget "techacademy 5-0Tests" */;
			buildPhases = (
				E52F532223D5D87C0066A60A /* Sources */,
				E52F532323D5D87C0066A60A /* Frameworks */,
				E52F532423D5D87C0066A60A /* Resources */,
			);
			buildRules = (
			);
			dependencies = (
				E52F532823D5D87C0066A60A /* PBXTargetDependency */,
			);
			name = "techacademy 5-0Tests";
			productName = "techacademy 5-0Tests";
			productReference = E52F532623D5D87C0066A60A /* techacademy 5-0Tests.xctest */;
			productType = "com.apple.product-type.bundle.unit-test";
		};
		E52F533023D5D87C0066A60A /* techacademy 5-0UITests */ = {
			isa = PBXNativeTarget;
			buildConfigurationList = E52F534023D5D87C0066A60A /* Build configuration list for PBXNativeTarget "techacademy 5-0UITests" */;
			buildPhases = (
				E52F532D23D5D87C0066A60A /* Sources */,
				E52F532E23D5D87C0066A60A /* Frameworks */,
				E52F532F23D5D87C0066A60A /* Resources */,
			);
			buildRules = (
			);
			dependencies = (
				E52F533323D5D87C0066A60A /* PBXTargetDependency */,
			);
			name = "techacademy 5-0UITests";
			productName = "techacademy 5-0UITests";
			productReference = E52F533123D5D87C0066A60A /* techacademy 5-0UITests.xctest */;
			productType = "com.apple.product-type.bundle.ui-testing";
		};
/* End PBXNativeTarget section */

/* Begin PBXProject section */
		E52F530823D5D8780066A60A /* Project object */ = {
			isa = PBXProject;
			attributes = {
				LastSwiftUpdateCheck = 1110;
				LastUpgradeCheck = 1110;
				ORGANIZATIONNAME = "三村文子";
				TargetAttributes = {
					E52F530F23D5D8780066A60A = {
						CreatedOnToolsVersion = 11.1;
					};
					E52F532523D5D87C0066A60A = {
						CreatedOnToolsVersion = 11.1;
						TestTargetID = E52F530F23D5D8780066A60A;
					};
					E52F533023D5D87C0066A60A = {
						CreatedOnToolsVersion = 11.1;
						TestTargetID = E52F530F23D5D8780066A60A;
					};
				};
			};
			buildConfigurationList = E52F530B23D5D8780066A60A /* Build configuration list for PBXProject "techacademy 5-0" */;
			compatibilityVersion = "Xcode 9.3";
			developmentRegion = en;
			hasScannedForEncodings = 0;
			knownRegions = (
				en,
				Base,
			);
			mainGroup = E52F530723D5D8780066A60A;
			productRefGroup = E52F531123D5D8780066A60A /* Products */;
			projectDirPath = "";
			projectRoot = "";
			targets = (
				E52F530F23D5D8780066A60A /* techacademy 5-0 */,
				E52F532523D5D87C0066A60A /* techacademy 5-0Tests */,
				E52F533023D5D87C0066A60A /* techacademy 5-0UITests */,
			);
		};
/* End PBXProject section */

/* Begin PBXResourcesBuildPhase section */
		E52F530E23D5D8780066A60A /* Resources */ = {
			isa = PBXResourcesBuildPhase;
			buildActionMask = 2147483647;
			files = (
				E52F532023D5D87C0066A60A /* LaunchScreen.storyboard in Resources */,
				E52F531D23D5D87C0066A60A /* Assets.xcassets in Resources */,
				E52F531B23D5D8780066A60A /* Main.storyboard in Resources */,
			);
			runOnlyForDeploymentPostprocessing = 0;
		};
		E52F532423D5D87C0066A60A /* Resources */ = {
			isa = PBXResourcesBuildPhase;
			buildActionMask = 2147483647;
			files = (
			);
			runOnlyForDeploymentPostprocessing = 0;
		};
		E52F532F23D5D87C0066A60A /* Resources */ = {
			isa = PBXResourcesBuildPhase;
			buildActionMask = 2147483647;
			files = (
			);
			runOnlyForDeploymentPostprocessing = 0;
		};
/* End PBXResourcesBuildPhase section */

/* Begin PBXSourcesBuildPhase section */
		E52F530C23D5D8780066A60A /* Sources */ = {
			isa = PBXSourcesBuildPhase;
			buildActionMask = 2147483647;
			files = (
				E52F531823D5D8780066A60A /* ViewController.swift in Sources */,
				E52F531423D5D8780066A60A /* AppDelegate.swift in Sources */,
				E52F531623D5D8780066A60A /* SceneDelegate.swift in Sources */,
			);
			runOnlyForDeploymentPostprocessing = 0;
		};
		E52F532223D5D87C0066A60A /* Sources */ = {
			isa = PBXSourcesBuildPhase;
			buildActionMask = 2147483647;
			files = (
				E52F532B23D5D87C0066A60A /* techacademy_5_0Tests.swift in Sources */,
			);
			runOnlyForDeploymentPostprocessing = 0;
		};
		E52F532D23D5D87C0066A60A /* Sources */ = {
			isa = PBXSourcesBuildPhase;
			buildActionMask = 2147483647;
			files = (
				E52F533623D5D87C0066A60A /* techacademy_5_0UITests.swift in Sources */,
			);
			runOnlyForDeploymentPostprocessing = 0;
		};
/* End PBXSourcesBuildPhase section */

/* Begin PBXTargetDependency section */
		E52F532823D5D87C0066A60A /* PBXTargetDependency */ = {
			isa = PBXTargetDependency;
			target = E52F530F23D5D8780066A60A /* techacademy 5-0 */;
			targetProxy = E52F532723D5D87C0066A60A /* PBXContainerItemProxy */;
		};
		E52F533323D5D87C0066A60A /* PBXTargetDependency */ = {
			isa = PBXTargetDependency;
			target = E52F530F23D5D8780066A60A /* techacademy 5-0 */;
			targetProxy = E52F533223D5D87C0066A60A /* PBXContainerItemProxy */;
		};
/* End PBXTargetDependency section */

/* Begin PBXVariantGroup section */
		E52F531923D5D8780066A60A /* Main.storyboard */ = {
			isa = PBXVariantGroup;
			children = (
				E52F531A23D5D8780066A60A /* Base */,
			);
			name = Main.storyboard;
			sourceTree = "<group>";
		};
		E52F531E23D5D87C0066A60A /* LaunchScreen.storyboard */ = {
			isa = PBXVariantGroup;
			children = (
				E52F531F23D5D87C0066A60A /* Base */,
			);
			name = LaunchScreen.storyboard;
			sourceTree = "<group>";
		};
/* End PBXVariantGroup section */

/* Begin XCBuildConfiguration section */
		E52F533823D5D87C0066A60A /* Debug */ = {
			isa = XCBuildConfiguration;
			buildSettings = {
				ALWAYS_SEARCH_USER_PATHS = NO;
				CLANG_ANALYZER_NONNULL = YES;
				CLANG_ANALYZER_NUMBER_OBJECT_CONVERSION = YES_AGGRESSIVE;
				CLANG_CXX_LANGUAGE_STANDARD = "gnu++14";
				CLANG_CXX_LIBRARY = "libc++";
				CLANG_ENABLE_MODULES = YES;
				CLANG_ENABLE_OBJC_ARC = YES;
				CLANG_ENABLE_OBJC_WEAK = YES;
				CLANG_WARN_BLOCK_CAPTURE_AUTORELEASING = YES;
				CLANG_WARN_BOOL_CONVERSION = YES;
				CLANG_WARN_COMMA = YES;
				CLANG_WARN_CONSTANT_CONVERSION = YES;
				CLANG_WARN_DEPRECATED_OBJC_IMPLEMENTATIONS = YES;
				CLANG_WARN_DIRECT_OBJC_ISA_USAGE = YES_ERROR;
				CLANG_WARN_DOCUMENTATION_COMMENTS = YES;
				CLANG_WARN_EMPTY_BODY = YES;
				CLANG_WARN_ENUM_CONVERSION = YES;
				CLANG_WARN_INFINITE_RECURSION = YES;
				CLANG_WARN_INT_CONVERSION = YES;
				CLANG_WARN_NON_LITERAL_NULL_CONVERSION = YES;
				CLANG_WARN_OBJC_IMPLICIT_RETAIN_SELF = YES;
				CLANG_WARN_OBJC_LITERAL_CONVERSION = YES;
				CLANG_WARN_OBJC_ROOT_CLASS = YES_ERROR;
				CLANG_WARN_RANGE_LOOP_ANALYSIS = YES;
				CLANG_WARN_STRICT_PROTOTYPES = YES;
				CLANG_WARN_SUSPICIOUS_MOVE = YES;
				CLANG_WARN_UNGUARDED_AVAILABILITY = YES_AGGRESSIVE;
				CLANG_WARN_UNREACHABLE_CODE = YES;
				CLANG_WARN__DUPLICATE_METHOD_MATCH = YES;
				COPY_PHASE_STRIP = NO;
				DEBUG_INFORMATION_FORMAT = dwarf;
				ENABLE_STRICT_OBJC_MSGSEND = YES;
				ENABLE_TESTABILITY = YES;
				GCC_C_LANGUAGE_STANDARD = gnu11;
				GCC_DYNAMIC_NO_PIC = NO;
				GCC_NO_COMMON_BLOCKS = YES;
				GCC_OPTIMIZATION_LEVEL = 0;
				GCC_PREPROCESSOR_DEFINITIONS = (
					"DEBUG=1",
					"$(inherited)",
				);
				GCC_WARN_64_TO_32_BIT_CONVERSION = YES;
				GCC_WARN_ABOUT_RETURN_TYPE = YES_ERROR;
				GCC_WARN_UNDECLARED_SELECTOR = YES;
				GCC_WARN_UNINITIALIZED_AUTOS = YES_AGGRESSIVE;
				GCC_WARN_UNUSED_FUNCTION = YES;
				GCC_WARN_UNUSED_VARIABLE = YES;
				IPHONEOS_DEPLOYMENT_TARGET = 13.1;
				MTL_ENABLE_DEBUG_INFO = INCLUDE_SOURCE;
				MTL_FAST_MATH = YES;
				ONLY_ACTIVE_ARCH = YES;
				SDKROOT = iphoneos;
				SWIFT_ACTIVE_COMPILATION_CONDITIONS = DEBUG;
				SWIFT_OPTIMIZATION_LEVEL = "-Onone";
			};
			name = Debug;
		};
		E52F533923D5D87C0066A60A /* Release */ = {
			isa = XCBuildConfiguration;
			buildSettings = {
				ALWAYS_SEARCH_USER_PATHS = NO;
				CLANG_ANALYZER_NONNULL = YES;
				CLANG_ANALYZER_NUMBER_OBJECT_CONVERSION = YES_AGGRESSIVE;
				CLANG_CXX_LANGUAGE_STANDARD = "gnu++14";
				CLANG_CXX_LIBRARY = "libc++";
				CLANG_ENABLE_MODULES = YES;
				CLANG_ENABLE_OBJC_ARC = YES;
				CLANG_ENABLE_OBJC_WEAK = YES;
				CLANG_WARN_BLOCK_CAPTURE_AUTORELEASING = YES;
				CLANG_WARN_BOOL_CONVERSION = YES;
				CLANG_WARN_COMMA = YES;
				CLANG_WARN_CONSTANT_CONVERSION = YES;
				CLANG_WARN_DEPRECATED_OBJC_IMPLEMENTATIONS = YES;
				CLANG_WARN_DIRECT_OBJC_ISA_USAGE = YES_ERROR;
				CLANG_WARN_DOCUMENTATION_COMMENTS = YES;
				CLANG_WARN_EMPTY_BODY = YES;
				CLANG_WARN_ENUM_CONVERSION = YES;
				CLANG_WARN_INFINITE_RECURSION = YES;
				CLANG_WARN_INT_CONVERSION = YES;
				CLANG_WARN_NON_LITERAL_NULL_CONVERSION = YES;
				CLANG_WARN_OBJC_IMPLICIT_RETAIN_SELF = YES;
				CLANG_WARN_OBJC_LITERAL_CONVERSION = YES;
				CLANG_WARN_OBJC_ROOT_CLASS = YES_ERROR;
				CLANG_WARN_RANGE_LOOP_ANALYSIS = YES;
				CLANG_WARN_STRICT_PROTOTYPES = YES;
				CLANG_WARN_SUSPICIOUS_MOVE = YES;
				CLANG_WARN_UNGUARDED_AVAILABILITY = YES_AGGRESSIVE;
				CLANG_WARN_UNREACHABLE_CODE = YES;
				CLANG_WARN__DUPLICATE_METHOD_MATCH = YES;
				COPY_PHASE_STRIP = NO;
				DEBUG_INFORMATION_FORMAT = "dwarf-with-dsym";
				ENABLE_NS_ASSERTIONS = NO;
				ENABLE_STRICT_OBJC_MSGSEND = YES;
				GCC_C_LANGUAGE_STANDARD = gnu11;
				GCC_NO_COMMON_BLOCKS = YES;
				GCC_WARN_64_TO_32_BIT_CONVERSION = YES;
				GCC_WARN_ABOUT_RETURN_TYPE = YES_ERROR;
				GCC_WARN_UNDECLARED_SELECTOR = YES;
				GCC_WARN_UNINITIALIZED_AUTOS = YES_AGGRESSIVE;
				GCC_WARN_UNUSED_FUNCTION = YES;
				GCC_WARN_UNUSED_VARIABLE = YES;
				IPHONEOS_DEPLOYMENT_TARGET = 13.1;
				MTL_ENABLE_DEBUG_INFO = NO;
				MTL_FAST_MATH = YES;
				SDKROOT = iphoneos;
				SWIFT_COMPILATION_MODE = wholemodule;
				SWIFT_OPTIMIZATION_LEVEL = "-O";
				VALIDATE_PRODUCT = YES;
			};
			name = Release;
		};
		E52F533B23D5D87C0066A60A /* Debug */ = {
			isa = XCBuildConfiguration;
			buildSettings = {
				ASSETCATALOG_COMPILER_APPICON_NAME = AppIcon;
				CODE_SIGN_STYLE = Automatic;
				INFOPLIST_FILE = "techacademy 5-0/Info.plist";
				LD_RUNPATH_SEARCH_PATHS = (
					"$(inherited)",
					"@executable_path/Frameworks",
				);
				PRODUCT_BUNDLE_IDENTIFIER = "jp.techacadmy.fumiko.mimura.techacademy-5-0";
				PRODUCT_NAME = "$(TARGET_NAME)";
				SWIFT_VERSION = 5.0;
				TARGETED_DEVICE_FAMILY = "1,2";
			};
			name = Debug;
		};
		E52F533C23D5D87C0066A60A /* Release */ = {
			isa = XCBuildConfiguration;
			buildSettings = {
				ASSETCATALOG_COMPILER_APPICON_NAME = AppIcon;
				CODE_SIGN_STYLE = Automatic;
				INFOPLIST_FILE = "techacademy 5-0/Info.plist";
				LD_RUNPATH_SEARCH_PATHS = (
					"$(inherited)",
					"@executable_path/Frameworks",
				);
				PRODUCT_BUNDLE_IDENTIFIER = "jp.techacadmy.fumiko.mimura.techacademy-5-0";
				PRODUCT_NAME = "$(TARGET_NAME)";
				SWIFT_VERSION = 5.0;
				TARGETED_DEVICE_FAMILY = "1,2";
			};
			name = Release;
		};
		E52F533E23D5D87C0066A60A /* Debug */ = {
			isa = XCBuildConfiguration;
			buildSettings = {
				ALWAYS_EMBED_SWIFT_STANDARD_LIBRARIES = YES;
				BUNDLE_LOADER = "$(TEST_HOST)";
				CODE_SIGN_STYLE = Automatic;
				INFOPLIST_FILE = "techacademy 5-0Tests/Info.plist";
				IPHONEOS_DEPLOYMENT_TARGET = 13.1;
				LD_RUNPATH_SEARCH_PATHS = (
					"$(inherited)",
					"@executable_path/Frameworks",
					"@loader_path/Frameworks",
				);
				PRODUCT_BUNDLE_IDENTIFIER = "jp.techacadmy.fumiko.mimura.techacademy-5-0Tests";
				PRODUCT_NAME = "$(TARGET_NAME)";
				SWIFT_VERSION = 5.0;
				TARGETED_DEVICE_FAMILY = "1,2";
				TEST_HOST = "$(BUILT_PRODUCTS_DIR)/techacademy 5-0.app/techacademy 5-0";
			};
			name = Debug;
		};
		E52F533F23D5D87C0066A60A /* Release */ = {
			isa = XCBuildConfiguration;
			buildSettings = {
				ALWAYS_EMBED_SWIFT_STANDARD_LIBRARIES = YES;
				BUNDLE_LOADER = "$(TEST_HOST)";
				CODE_SIGN_STYLE = Automatic;
				INFOPLIST_FILE = "techacademy 5-0Tests/Info.plist";
				IPHONEOS_DEPLOYMENT_TARGET = 13.1;
				LD_RUNPATH_SEARCH_PATHS = (
					"$(inherited)",
					"@executable_path/Frameworks",
					"@loader_path/Frameworks",
				);
				PRODUCT_BUNDLE_IDENTIFIER = "jp.techacadmy.fumiko.mimura.techacademy-5-0Tests";
				PRODUCT_NAME = "$(TARGET_NAME)";
				SWIFT_VERSION = 5.0;
				TARGETED_DEVICE_FAMILY = "1,2";
				TEST_HOST = "$(BUILT_PRODUCTS_DIR)/techacademy 5-0.app/techacademy 5-0";
			};
			name = Release;
		};
		E52F534123D5D87C0066A60A /* Debug */ = {
			isa = XCBuildConfiguration;
			buildSettings = {
				ALWAYS_EMBED_SWIFT_STANDARD_LIBRARIES = YES;
				CODE_SIGN_STYLE = Automatic;
				INFOPLIST_FILE = "techacademy 5-0UITests/Info.plist";
				LD_RUNPATH_SEARCH_PATHS = (
					"$(inherited)",
					"@executable_path/Frameworks",
					"@loader_path/Frameworks",
				);
				PRODUCT_BUNDLE_IDENTIFIER = "jp.techacadmy.fumiko.mimura.techacademy-5-0UITests";
				PRODUCT_NAME = "$(TARGET_NAME)";
				SWIFT_VERSION = 5.0;
				TARGETED_DEVICE_FAMILY = "1,2";
				TEST_TARGET_NAME = "techacademy 5-0";
			};
			name = Debug;
		};
		E52F534223D5D87C0066A60A /* Release */ = {
			isa = XCBuildConfiguration;
			buildSettings = {
				ALWAYS_EMBED_SWIFT_STANDARD_LIBRARIES = YES;
				CODE_SIGN_STYLE = Automatic;
				INFOPLIST_FILE = "techacademy 5-0UITests/Info.plist";
				LD_RUNPATH_SEARCH_PATHS = (
					"$(inherited)",
					"@executable_path/Frameworks",
					"@loader_path/Frameworks",
				);
				PRODUCT_BUNDLE_IDENTIFIER = "jp.techacadmy.fumiko.mimura.techacademy-5-0UITests";
				PRODUCT_NAME = "$(TARGET_NAME)";
				SWIFT_VERSION = 5.0;
				TARGETED_DEVICE_FAMILY = "1,2";
				TEST_TARGET_NAME = "techacademy 5-0";
			};
			name = Release;
		};
/* End XCBuildConfiguration section */

/* Begin XCConfigurationList section */
		E52F530B23D5D8780066A60A /* Build configuration list for PBXProject "techacademy 5-0" */ = {
			isa = XCConfigurationList;
			buildConfigurations = (
				E52F533823D5D87C0066A60A /* Debug */,
				E52F533923D5D87C0066A60A /* Release */,
			);
			defaultConfigurationIsVisible = 0;
			defaultConfigurationName = Release;
		};
		E52F533A23D5D87C0066A60A /* Build configuration list for PBXNativeTarget "techacademy 5-0" */ = {
			isa = XCConfigurationList;
			buildConfigurations = (
				E52F533B23D5D87C0066A60A /* Debug */,
				E52F533C23D5D87C0066A60A /* Release */,
			);
			defaultConfigurationIsVisible = 0;
			defaultConfigurationName = Release;
		};
		E52F533D23D5D87C0066A60A /* Build configuration list for PBXNativeTarget "techacademy 5-0Tests" */ = {
			isa = XCConfigurationList;
			buildConfigurations = (
				E52F533E23D5D87C0066A60A /* Debug */,
				E52F533F23D5D87C0066A60A /* Release */,
			);
			defaultConfigurationIsVisible = 0;
			defaultConfigurationName = Release;
		};
		E52F534023D5D87C0066A60A /* Build configuration list for PBXNativeTarget "techacademy 5-0UITests" */ = {
			isa = XCConfigurationList;
			buildConfigurations = (
				E52F534123D5D87C0066A60A /* Debug */,
				E52F534223D5D87C0066A60A /* Release */,
			);
			defaultConfigurationIsVisible = 0;
			defaultConfigurationName = Release;
		};
/* End XCConfigurationList section */
	};
	rootObject = E52F530823D5D8780066A60A /* Project object */;
}
