// !$*UTF8*$!
{
	archiveVersion = 1;
	classes = {
	};
	objectVersion = 50;
	objects = {

/* Begin PBXBuildFile section */
		E5375B3823D04BBC002BDB6F /* AppDelegate.swift in Sources */ = {isa = PBXBuildFile; fileRef = E5375B3723D04BBC002BDB6F /* AppDelegate.swift */; };
		E5375B3A23D04BBC002BDB6F /* SceneDelegate.swift in Sources */ = {isa = PBXBuildFile; fileRef = E5375B3923D04BBC002BDB6F /* SceneDelegate.swift */; };
		E5375B3C23D04BBC002BDB6F /* ViewController.swift in Sources */ = {isa = PBXBuildFile; fileRef = E5375B3B23D04BBC002BDB6F /* ViewController.swift */; };
		E5375B3F23D04BBC002BDB6F /* Main.storyboard in Resources */ = {isa = PBXBuildFile; fileRef = E5375B3D23D04BBC002BDB6F /* Main.storyboard */; };
		E5375B4123D04BC1002BDB6F /* Assets.xcassets in Resources */ = {isa = PBXBuildFile; fileRef = E5375B4023D04BC1002BDB6F /* Assets.xcassets */; };
		E5375B4423D04BC1002BDB6F /* LaunchScreen.storyboard in Resources */ = {isa = PBXBuildFile; fileRef = E5375B4223D04BC1002BDB6F /* LaunchScreen.storyboard */; };
		E5375B4F23D04BC2002BDB6F /* Hello_worldTests.swift in Sources */ = {isa = PBXBuildFile; fileRef = E5375B4E23D04BC2002BDB6F /* Hello_worldTests.swift */; };
		E5375B5A23D04BC2002BDB6F /* Hello_worldUITests.swift in Sources */ = {isa = PBXBuildFile; fileRef = E5375B5923D04BC2002BDB6F /* Hello_worldUITests.swift */; };
/* End PBXBuildFile section */

/* Begin PBXContainerItemProxy section */
		E5375B4B23D04BC2002BDB6F /* PBXContainerItemProxy */ = {
			isa = PBXContainerItemProxy;
			containerPortal = E5375B2C23D04BBC002BDB6F /* Project object */;
			proxyType = 1;
			remoteGlobalIDString = E5375B3323D04BBC002BDB6F;
			remoteInfo = "Hello world";
		};
		E5375B5623D04BC2002BDB6F /* PBXContainerItemProxy */ = {
			isa = PBXContainerItemProxy;
			containerPortal = E5375B2C23D04BBC002BDB6F /* Project object */;
			proxyType = 1;
			remoteGlobalIDString = E5375B3323D04BBC002BDB6F;
			remoteInfo = "Hello world";
		};
/* End PBXContainerItemProxy section */

/* Begin PBXFileReference section */
		E5375B3423D04BBC002BDB6F /* Hello world.app */ = {isa = PBXFileReference; explicitFileType = wrapper.application; includeInIndex = 0; path = "Hello world.app"; sourceTree = BUILT_PRODUCTS_DIR; };
		E5375B3723D04BBC002BDB6F /* AppDelegate.swift */ = {isa = PBXFileReference; lastKnownFileType = sourcecode.swift; path = AppDelegate.swift; sourceTree = "<group>"; };
		E5375B3923D04BBC002BDB6F /* SceneDelegate.swift */ = {isa = PBXFileReference; lastKnownFileType = sourcecode.swift; path = SceneDelegate.swift; sourceTree = "<group>"; };
		E5375B3B23D04BBC002BDB6F /* ViewController.swift */ = {isa = PBXFileReference; lastKnownFileType = sourcecode.swift; path = ViewController.swift; sourceTree = "<group>"; };
		E5375B3E23D04BBC002BDB6F /* Base */ = {isa = PBXFileReference; lastKnownFileType = file.storyboard; name = Base; path = Base.lproj/Main.storyboard; sourceTree = "<group>"; };
		E5375B4023D04BC1002BDB6F /* Assets.xcassets */ = {isa = PBXFileReference; lastKnownFileType = folder.assetcatalog; path = Assets.xcassets; sourceTree = "<group>"; };
		E5375B4323D04BC1002BDB6F /* Base */ = {isa = PBXFileReference; lastKnownFileType = file.storyboard; name = Base; path = Base.lproj/LaunchScreen.storyboard; sourceTree = "<group>"; };
		E5375B4523D04BC1002BDB6F /* Info.plist */ = {isa = PBXFileReference; lastKnownFileType = text.plist.xml; path = Info.plist; sourceTree = "<group>"; };
		E5375B4A23D04BC2002BDB6F /* Hello worldTests.xctest */ = {isa = PBXFileReference; explicitFileType = wrapper.cfbundle; includeInIndex = 0; path = "Hello worldTests.xctest"; sourceTree = BUILT_PRODUCTS_DIR; };
		E5375B4E23D04BC2002BDB6F /* Hello_worldTests.swift */ = {isa = PBXFileReference; lastKnownFileType = sourcecode.swift; path = Hello_worldTests.swift; sourceTree = "<group>"; };
		E5375B5023D04BC2002BDB6F /* Info.plist */ = {isa = PBXFileReference; lastKnownFileType = text.plist.xml; path = Info.plist; sourceTree = "<group>"; };
		E5375B5523D04BC2002BDB6F /* Hello worldUITests.xctest */ = {isa = PBXFileReference; explicitFileType = wrapper.cfbundle; includeInIndex = 0; path = "Hello worldUITests.xctest"; sourceTree = BUILT_PRODUCTS_DIR; };
		E5375B5923D04BC2002BDB6F /* Hello_worldUITests.swift */ = {isa = PBXFileReference; lastKnownFileType = sourcecode.swift; path = Hello_worldUITests.swift; sourceTree = "<group>"; };
		E5375B5B23D04BC2002BDB6F /* Info.plist */ = {isa = PBXFileReference; lastKnownFileType = text.plist.xml; path = Info.plist; sourceTree = "<group>"; };
/* End PBXFileReference section */

/* Begin PBXFrameworksBuildPhase section */
		E5375B3123D04BBC002BDB6F /* Frameworks */ = {
			isa = PBXFrameworksBuildPhase;
			buildActionMask = 2147483647;
			files = (
			);
			runOnlyForDeploymentPostprocessing = 0;
		};
		E5375B4723D04BC2002BDB6F /* Frameworks */ = {
			isa = PBXFrameworksBuildPhase;
			buildActionMask = 2147483647;
			files = (
			);
			runOnlyForDeploymentPostprocessing = 0;
		};
		E5375B5223D04BC2002BDB6F /* Frameworks */ = {
			isa = PBXFrameworksBuildPhase;
			buildActionMask = 2147483647;
			files = (
			);
			runOnlyForDeploymentPostprocessing = 0;
		};
/* End PBXFrameworksBuildPhase section */

/* Begin PBXGroup section */
		E5375B2B23D04BBC002BDB6F = {
			isa = PBXGroup;
			children = (
				E5375B3623D04BBC002BDB6F /* Hello world */,
				E5375B5823D04BC2002BDB6F /* Hello worldUITests */,
				E5375B3523D04BBC002BDB6F /* Products */,
			);
			sourceTree = "<group>";
		};
		E5375B3523D04BBC002BDB6F /* Products */ = {
			isa = PBXGroup;
			children = (
				E5375B3423D04BBC002BDB6F /* Hello world.app */,
				E5375B4A23D04BC2002BDB6F /* Hello worldTests.xctest */,
				E5375B5523D04BC2002BDB6F /* Hello worldUITests.xctest */,
			);
			name = Products;
			sourceTree = "<group>";
		};
		E5375B3623D04BBC002BDB6F /* Hello world */ = {
			isa = PBXGroup;
			children = (
				E5375B3723D04BBC002BDB6F /* AppDelegate.swift */,
				E5375B3923D04BBC002BDB6F /* SceneDelegate.swift */,
				E5375B3B23D04BBC002BDB6F /* ViewController.swift */,
				E5375B3D23D04BBC002BDB6F /* Main.storyboard */,
				E5375B4023D04BC1002BDB6F /* Assets.xcassets */,
				E5375B4223D04BC1002BDB6F /* LaunchScreen.storyboard */,
				E5375B4D23D04BC2002BDB6F /* Hello worldTests */,
				E5375B4523D04BC1002BDB6F /* Info.plist */,
			);
			path = "Hello world";
			sourceTree = "<group>";
		};
		E5375B4D23D04BC2002BDB6F /* Hello worldTests */ = {
			isa = PBXGroup;
			children = (
				E5375B4E23D04BC2002BDB6F /* Hello_worldTests.swift */,
				E5375B5023D04BC2002BDB6F /* Info.plist */,
			);
			path = "Hello worldTests";
			sourceTree = "<group>";
		};
		E5375B5823D04BC2002BDB6F /* Hello worldUITests */ = {
			isa = PBXGroup;
			children = (
				E5375B5923D04BC2002BDB6F /* Hello_worldUITests.swift */,
				E5375B5B23D04BC2002BDB6F /* Info.plist */,
			);
			path = "Hello worldUITests";
			sourceTree = "<group>";
		};
/* End PBXGroup section */

/* Begin PBXNativeTarget section */
		E5375B3323D04BBC002BDB6F /* Hello world */ = {
			isa = PBXNativeTarget;
			buildConfigurationList = E5375B5E23D04BC2002BDB6F /* Build configuration list for PBXNativeTarget "Hello world" */;
			buildPhases = (
				E5375B3023D04BBC002BDB6F /* Sources */,
				E5375B3123D04BBC002BDB6F /* Frameworks */,
				E5375B3223D04BBC002BDB6F /* Resources */,
			);
			buildRules = (
			);
			dependencies = (
			);
			name = "Hello world";
			productName = "Hello world";
			productReference = E5375B3423D04BBC002BDB6F /* Hello world.app */;
			productType = "com.apple.product-type.application";
		};
		E5375B4923D04BC2002BDB6F /* Hello worldTests */ = {
			isa = PBXNativeTarget;
			buildConfigurationList = E5375B6123D04BC2002BDB6F /* Build configuration list for PBXNativeTarget "Hello worldTests" */;
			buildPhases = (
				E5375B4623D04BC2002BDB6F /* Sources */,
				E5375B4723D04BC2002BDB6F /* Frameworks */,
				E5375B4823D04BC2002BDB6F /* Resources */,
			);
			buildRules = (
			);
			dependencies = (
				E5375B4C23D04BC2002BDB6F /* PBXTargetDependency */,
			);
			name = "Hello worldTests";
			productName = "Hello worldTests";
			productReference = E5375B4A23D04BC2002BDB6F /* Hello worldTests.xctest */;
			productType = "com.apple.product-type.bundle.unit-test";
		};
		E5375B5423D04BC2002BDB6F /* Hello worldUITests */ = {
			isa = PBXNativeTarget;
			buildConfigurationList = E5375B6423D04BC2002BDB6F /* Build configuration list for PBXNativeTarget "Hello worldUITests" */;
			buildPhases = (
				E5375B5123D04BC2002BDB6F /* Sources */,
				E5375B5223D04BC2002BDB6F /* Frameworks */,
				E5375B5323D04BC2002BDB6F /* Resources */,
			);
			buildRules = (
			);
			dependencies = (
				E5375B5723D04BC2002BDB6F /* PBXTargetDependency */,
			);
			name = "Hello worldUITests";
			productName = "Hello worldUITests";
			productReference = E5375B5523D04BC2002BDB6F /* Hello worldUITests.xctest */;
			productType = "com.apple.product-type.bundle.ui-testing";
		};
/* End PBXNativeTarget section */

/* Begin PBXProject section */
		E5375B2C23D04BBC002BDB6F /* Project object */ = {
			isa = PBXProject;
			attributes = {
				LastSwiftUpdateCheck = 1110;
				LastUpgradeCheck = 1110;
				ORGANIZATIONNAME = "三村文子";
				TargetAttributes = {
					E5375B3323D04BBC002BDB6F = {
						CreatedOnToolsVersion = 11.1;
					};
					E5375B4923D04BC2002BDB6F = {
						CreatedOnToolsVersion = 11.1;
						TestTargetID = E5375B3323D04BBC002BDB6F;
					};
					E5375B5423D04BC2002BDB6F = {
						CreatedOnToolsVersion = 11.1;
						TestTargetID = E5375B3323D04BBC002BDB6F;
					};
				};
			};
			buildConfigurationList = E5375B2F23D04BBC002BDB6F /* Build configuration list for PBXProject "Hello world" */;
			compatibilityVersion = "Xcode 9.3";
			developmentRegion = en;
			hasScannedForEncodings = 0;
			knownRegions = (
				en,
				Base,
			);
			mainGroup = E5375B2B23D04BBC002BDB6F;
			productRefGroup = E5375B3523D04BBC002BDB6F /* Products */;
			projectDirPath = "";
			projectRoot = "";
			targets = (
				E5375B3323D04BBC002BDB6F /* Hello world */,
				E5375B4923D04BC2002BDB6F /* Hello worldTests */,
				E5375B5423D04BC2002BDB6F /* Hello worldUITests */,
			);
		};
/* End PBXProject section */

/* Begin PBXResourcesBuildPhase section */
		E5375B3223D04BBC002BDB6F /* Resources */ = {
			isa = PBXResourcesBuildPhase;
			buildActionMask = 2147483647;
			files = (
				E5375B4423D04BC1002BDB6F /* LaunchScreen.storyboard in Resources */,
				E5375B4123D04BC1002BDB6F /* Assets.xcassets in Resources */,
				E5375B3F23D04BBC002BDB6F /* Main.storyboard in Resources */,
			);
			runOnlyForDeploymentPostprocessing = 0;
		};
		E5375B4823D04BC2002BDB6F /* Resources */ = {
			isa = PBXResourcesBuildPhase;
			buildActionMask = 2147483647;
			files = (
			);
			runOnlyForDeploymentPostprocessing = 0;
		};
		E5375B5323D04BC2002BDB6F /* Resources */ = {
			isa = PBXResourcesBuildPhase;
			buildActionMask = 2147483647;
			files = (
			);
			runOnlyForDeploymentPostprocessing = 0;
		};
/* End PBXResourcesBuildPhase section */

/* Begin PBXSourcesBuildPhase section */
		E5375B3023D04BBC002BDB6F /* Sources */ = {
			isa = PBXSourcesBuildPhase;
			buildActionMask = 2147483647;
			files = (
				E5375B3C23D04BBC002BDB6F /* ViewController.swift in Sources */,
				E5375B3823D04BBC002BDB6F /* AppDelegate.swift in Sources */,
				E5375B3A23D04BBC002BDB6F /* SceneDelegate.swift in Sources */,
			);
			runOnlyForDeploymentPostprocessing = 0;
		};
		E5375B4623D04BC2002BDB6F /* Sources */ = {
			isa = PBXSourcesBuildPhase;
			buildActionMask = 2147483647;
			files = (
				E5375B4F23D04BC2002BDB6F /* Hello_worldTests.swift in Sources */,
			);
			runOnlyForDeploymentPostprocessing = 0;
		};
		E5375B5123D04BC2002BDB6F /* Sources */ = {
			isa = PBXSourcesBuildPhase;
			buildActionMask = 2147483647;
			files = (
				E5375B5A23D04BC2002BDB6F /* Hello_worldUITests.swift in Sources */,
			);
			runOnlyForDeploymentPostprocessing = 0;
		};
/* End PBXSourcesBuildPhase section */

/* Begin PBXTargetDependency section */
		E5375B4C23D04BC2002BDB6F /* PBXTargetDependency */ = {
			isa = PBXTargetDependency;
			target = E5375B3323D04BBC002BDB6F /* Hello world */;
			targetProxy = E5375B4B23D04BC2002BDB6F /* PBXContainerItemProxy */;
		};
		E5375B5723D04BC2002BDB6F /* PBXTargetDependency */ = {
			isa = PBXTargetDependency;
			target = E5375B3323D04BBC002BDB6F /* Hello world */;
			targetProxy = E5375B5623D04BC2002BDB6F /* PBXContainerItemProxy */;
		};
/* End PBXTargetDependency section */

/* Begin PBXVariantGroup section */
		E5375B3D23D04BBC002BDB6F /* Main.storyboard */ = {
			isa = PBXVariantGroup;
			children = (
				E5375B3E23D04BBC002BDB6F /* Base */,
			);
			name = Main.storyboard;
			sourceTree = "<group>";
		};
		E5375B4223D04BC1002BDB6F /* LaunchScreen.storyboard */ = {
			isa = PBXVariantGroup;
			children = (
				E5375B4323D04BC1002BDB6F /* Base */,
			);
			name = LaunchScreen.storyboard;
			sourceTree = "<group>";
		};
/* End PBXVariantGroup section */

/* Begin XCBuildConfiguration section */
		E5375B5C23D04BC2002BDB6F /* Debug */ = {
			isa = XCBuildConfiguration;
			buildSettings = {
				ALWAYS_SEARCH_USER_PATHS = NO;
				CLANG_ANALYZER_NONNULL = YES;
				CLANG_ANALYZER_NUMBER_OBJECT_CONVERSION = YES_AGGRESSIVE;
				CLANG_CXX_LANGUAGE_STANDARD = "gnu++14";
				CLANG_CXX_LIBRARY = "libc++";
				CLANG_ENABLE_MODULES = YES;
				CLANG_ENABLE_OBJC_ARC = YES;
				CLANG_ENABLE_OBJC_WEAK = YES;
				CLANG_WARN_BLOCK_CAPTURE_AUTORELEASING = YES;
				CLANG_WARN_BOOL_CONVERSION = YES;
				CLANG_WARN_COMMA = YES;
				CLANG_WARN_CONSTANT_CONVERSION = YES;
				CLANG_WARN_DEPRECATED_OBJC_IMPLEMENTATIONS = YES;
				CLANG_WARN_DIRECT_OBJC_ISA_USAGE = YES_ERROR;
				CLANG_WARN_DOCUMENTATION_COMMENTS = YES;
				CLANG_WARN_EMPTY_BODY = YES;
				CLANG_WARN_ENUM_CONVERSION = YES;
				CLANG_WARN_INFINITE_RECURSION = YES;
				CLANG_WARN_INT_CONVERSION = YES;
				CLANG_WARN_NON_LITERAL_NULL_CONVERSION = YES;
				CLANG_WARN_OBJC_IMPLICIT_RETAIN_SELF = YES;
				CLANG_WARN_OBJC_LITERAL_CONVERSION = YES;
				CLANG_WARN_OBJC_ROOT_CLASS = YES_ERROR;
				CLANG_WARN_RANGE_LOOP_ANALYSIS = YES;
				CLANG_WARN_STRICT_PROTOTYPES = YES;
				CLANG_WARN_SUSPICIOUS_MOVE = YES;
				CLANG_WARN_UNGUARDED_AVAILABILITY = YES_AGGRESSIVE;
				CLANG_WARN_UNREACHABLE_CODE = YES;
				CLANG_WARN__DUPLICATE_METHOD_MATCH = YES;
				COPY_PHASE_STRIP = NO;
				DEBUG_INFORMATION_FORMAT = dwarf;
				ENABLE_STRICT_OBJC_MSGSEND = YES;
				ENABLE_TESTABILITY = YES;
				GCC_C_LANGUAGE_STANDARD = gnu11;
				GCC_DYNAMIC_NO_PIC = NO;
				GCC_NO_COMMON_BLOCKS = YES;
				GCC_OPTIMIZATION_LEVEL = 0;
				GCC_PREPROCESSOR_DEFINITIONS = (
					"DEBUG=1",
					"$(inherited)",
				);
				GCC_WARN_64_TO_32_BIT_CONVERSION = YES;
				GCC_WARN_ABOUT_RETURN_TYPE = YES_ERROR;
				GCC_WARN_UNDECLARED_SELECTOR = YES;
				GCC_WARN_UNINITIALIZED_AUTOS = YES_AGGRESSIVE;
				GCC_WARN_UNUSED_FUNCTION = YES;
				GCC_WARN_UNUSED_VARIABLE = YES;
				IPHONEOS_DEPLOYMENT_TARGET = 13.1;
				MTL_ENABLE_DEBUG_INFO = INCLUDE_SOURCE;
				MTL_FAST_MATH = YES;
				ONLY_ACTIVE_ARCH = YES;
				SDKROOT = iphoneos;
				SWIFT_ACTIVE_COMPILATION_CONDITIONS = DEBUG;
				SWIFT_OPTIMIZATION_LEVEL = "-Onone";
			};
			name = Debug;
		};
		E5375B5D23D04BC2002BDB6F /* Release */ = {
			isa = XCBuildConfiguration;
			buildSettings = {
				ALWAYS_SEARCH_USER_PATHS = NO;
				CLANG_ANALYZER_NONNULL = YES;
				CLANG_ANALYZER_NUMBER_OBJECT_CONVERSION = YES_AGGRESSIVE;
				CLANG_CXX_LANGUAGE_STANDARD = "gnu++14";
				CLANG_CXX_LIBRARY = "libc++";
				CLANG_ENABLE_MODULES = YES;
				CLANG_ENABLE_OBJC_ARC = YES;
				CLANG_ENABLE_OBJC_WEAK = YES;
				CLANG_WARN_BLOCK_CAPTURE_AUTORELEASING = YES;
				CLANG_WARN_BOOL_CONVERSION = YES;
				CLANG_WARN_COMMA = YES;
				CLANG_WARN_CONSTANT_CONVERSION = YES;
				CLANG_WARN_DEPRECATED_OBJC_IMPLEMENTATIONS = YES;
				CLANG_WARN_DIRECT_OBJC_ISA_USAGE = YES_ERROR;
				CLANG_WARN_DOCUMENTATION_COMMENTS = YES;
				CLANG_WARN_EMPTY_BODY = YES;
				CLANG_WARN_ENUM_CONVERSION = YES;
				CLANG_WARN_INFINITE_RECURSION = YES;
				CLANG_WARN_INT_CONVERSION = YES;
				CLANG_WARN_NON_LITERAL_NULL_CONVERSION = YES;
				CLANG_WARN_OBJC_IMPLICIT_RETAIN_SELF = YES;
				CLANG_WARN_OBJC_LITERAL_CONVERSION = YES;
				CLANG_WARN_OBJC_ROOT_CLASS = YES_ERROR;
				CLANG_WARN_RANGE_LOOP_ANALYSIS = YES;
				CLANG_WARN_STRICT_PROTOTYPES = YES;
				CLANG_WARN_SUSPICIOUS_MOVE = YES;
				CLANG_WARN_UNGUARDED_AVAILABILITY = YES_AGGRESSIVE;
				CLANG_WARN_UNREACHABLE_CODE = YES;
				CLANG_WARN__DUPLICATE_METHOD_MATCH = YES;
				COPY_PHASE_STRIP = NO;
				DEBUG_INFORMATION_FORMAT = "dwarf-with-dsym";
				ENABLE_NS_ASSERTIONS = NO;
				ENABLE_STRICT_OBJC_MSGSEND = YES;
				GCC_C_LANGUAGE_STANDARD = gnu11;
				GCC_NO_COMMON_BLOCKS = YES;
				GCC_WARN_64_TO_32_BIT_CONVERSION = YES;
				GCC_WARN_ABOUT_RETURN_TYPE = YES_ERROR;
				GCC_WARN_UNDECLARED_SELECTOR = YES;
				GCC_WARN_UNINITIALIZED_AUTOS = YES_AGGRESSIVE;
				GCC_WARN_UNUSED_FUNCTION = YES;
				GCC_WARN_UNUSED_VARIABLE = YES;
				IPHONEOS_DEPLOYMENT_TARGET = 13.1;
				MTL_ENABLE_DEBUG_INFO = NO;
				MTL_FAST_MATH = YES;
				SDKROOT = iphoneos;
				SWIFT_COMPILATION_MODE = wholemodule;
				SWIFT_OPTIMIZATION_LEVEL = "-O";
				VALIDATE_PRODUCT = YES;
			};
			name = Release;
		};
		E5375B5F23D04BC2002BDB6F /* Debug */ = {
			isa = XCBuildConfiguration;
			buildSettings = {
				ASSETCATALOG_COMPILER_APPICON_NAME = AppIcon;
				CODE_SIGN_IDENTITY = "Apple Development";
				CODE_SIGN_STYLE = Automatic;
				DEVELOPMENT_TEAM = MG97GK4WB2;
				INFOPLIST_FILE = "Hello world/Info.plist";
				LD_RUNPATH_SEARCH_PATHS = (
					"$(inherited)",
					"@executable_path/Frameworks",
				);
				PRODUCT_BUNDLE_IDENTIFIER = "jp.techacadmy.fumiko.mimura.Hello-world";
				PRODUCT_NAME = "$(TARGET_NAME)";
				PROVISIONING_PROFILE_SPECIFIER = "";
				SWIFT_VERSION = 5.0;
				TARGETED_DEVICE_FAMILY = "1,2";
			};
			name = Debug;
		};
		E5375B6023D04BC2002BDB6F /* Release */ = {
			isa = XCBuildConfiguration;
			buildSettings = {
				ASSETCATALOG_COMPILER_APPICON_NAME = AppIcon;
				CODE_SIGN_IDENTITY = "Apple Development";
				CODE_SIGN_STYLE = Automatic;
				DEVELOPMENT_TEAM = MG97GK4WB2;
				INFOPLIST_FILE = "Hello world/Info.plist";
				LD_RUNPATH_SEARCH_PATHS = (
					"$(inherited)",
					"@executable_path/Frameworks",
				);
				PRODUCT_BUNDLE_IDENTIFIER = "jp.techacadmy.fumiko.mimura.Hello-world";
				PRODUCT_NAME = "$(TARGET_NAME)";
				PROVISIONING_PROFILE_SPECIFIER = "";
				SWIFT_VERSION = 5.0;
				TARGETED_DEVICE_FAMILY = "1,2";
			};
			name = Release;
		};
		E5375B6223D04BC2002BDB6F /* Debug */ = {
			isa = XCBuildConfiguration;
			buildSettings = {
				ALWAYS_EMBED_SWIFT_STANDARD_LIBRARIES = YES;
				BUNDLE_LOADER = "$(TEST_HOST)";
				CODE_SIGN_STYLE = Automatic;
				INFOPLIST_FILE = "Hello worldTests/Info.plist";
				IPHONEOS_DEPLOYMENT_TARGET = 13.1;
				LD_RUNPATH_SEARCH_PATHS = (
					"$(inherited)",
					"@executable_path/Frameworks",
					"@loader_path/Frameworks",
				);
				PRODUCT_BUNDLE_IDENTIFIER = "jp.techacadmy.fumiko.mimura.Hello-worldTests";
				PRODUCT_NAME = "$(TARGET_NAME)";
				SWIFT_VERSION = 5.0;
				TARGETED_DEVICE_FAMILY = "1,2";
				TEST_HOST = "$(BUILT_PRODUCTS_DIR)/Hello world.app/Hello world";
			};
			name = Debug;
		};
		E5375B6323D04BC2002BDB6F /* Release */ = {
			isa = XCBuildConfiguration;
			buildSettings = {
				ALWAYS_EMBED_SWIFT_STANDARD_LIBRARIES = YES;
				BUNDLE_LOADER = "$(TEST_HOST)";
				CODE_SIGN_STYLE = Automatic;
				INFOPLIST_FILE = "Hello worldTests/Info.plist";
				IPHONEOS_DEPLOYMENT_TARGET = 13.1;
				LD_RUNPATH_SEARCH_PATHS = (
					"$(inherited)",
					"@executable_path/Frameworks",
					"@loader_path/Frameworks",
				);
				PRODUCT_BUNDLE_IDENTIFIER = "jp.techacadmy.fumiko.mimura.Hello-worldTests";
				PRODUCT_NAME = "$(TARGET_NAME)";
				SWIFT_VERSION = 5.0;
				TARGETED_DEVICE_FAMILY = "1,2";
				TEST_HOST = "$(BUILT_PRODUCTS_DIR)/Hello world.app/Hello world";
			};
			name = Release;
		};
		E5375B6523D04BC2002BDB6F /* Debug */ = {
			isa = XCBuildConfiguration;
			buildSettings = {
				ALWAYS_EMBED_SWIFT_STANDARD_LIBRARIES = YES;
				CODE_SIGN_STYLE = Automatic;
				INFOPLIST_FILE = "Hello worldUITests/Info.plist";
				LD_RUNPATH_SEARCH_PATHS = (
					"$(inherited)",
					"@executable_path/Frameworks",
					"@loader_path/Frameworks",
				);
				PRODUCT_BUNDLE_IDENTIFIER = "jp.techacadmy.fumiko.mimura.Hello-worldUITests";
				PRODUCT_NAME = "$(TARGET_NAME)";
				SWIFT_VERSION = 5.0;
				TARGETED_DEVICE_FAMILY = "1,2";
				TEST_TARGET_NAME = "Hello world";
			};
			name = Debug;
		};
		E5375B6623D04BC2002BDB6F /* Release */ = {
			isa = XCBuildConfiguration;
			buildSettings = {
				ALWAYS_EMBED_SWIFT_STANDARD_LIBRARIES = YES;
				CODE_SIGN_STYLE = Automatic;
				INFOPLIST_FILE = "Hello worldUITests/Info.plist";
				LD_RUNPATH_SEARCH_PATHS = (
					"$(inherited)",
					"@executable_path/Frameworks",
					"@loader_path/Frameworks",
				);
				PRODUCT_BUNDLE_IDENTIFIER = "jp.techacadmy.fumiko.mimura.Hello-worldUITests";
				PRODUCT_NAME = "$(TARGET_NAME)";
				SWIFT_VERSION = 5.0;
				TARGETED_DEVICE_FAMILY = "1,2";
				TEST_TARGET_NAME = "Hello world";
			};
			name = Release;
		};
/* End XCBuildConfiguration section */

/* Begin XCConfigurationList section */
		E5375B2F23D04BBC002BDB6F /* Build configuration list for PBXProject "Hello world" */ = {
			isa = XCConfigurationList;
			buildConfigurations = (
				E5375B5C23D04BC2002BDB6F /* Debug */,
				E5375B5D23D04BC2002BDB6F /* Release */,
			);
			defaultConfigurationIsVisible = 0;
			defaultConfigurationName = Release;
		};
		E5375B5E23D04BC2002BDB6F /* Build configuration list for PBXNativeTarget "Hello world" */ = {
			isa = XCConfigurationList;
			buildConfigurations = (
				E5375B5F23D04BC2002BDB6F /* Debug */,
				E5375B6023D04BC2002BDB6F /* Release */,
			);
			defaultConfigurationIsVisible = 0;
			defaultConfigurationName = Release;
		};
		E5375B6123D04BC2002BDB6F /* Build configuration list for PBXNativeTarget "Hello worldTests" */ = {
			isa = XCConfigurationList;
			buildConfigurations = (
				E5375B6223D04BC2002BDB6F /* Debug */,
				E5375B6323D04BC2002BDB6F /* Release */,
			);
			defaultConfigurationIsVisible = 0;
			defaultConfigurationName = Release;
		};
		E5375B6423D04BC2002BDB6F /* Build configuration list for PBXNativeTarget "Hello worldUITests" */ = {
			isa = XCConfigurationList;
			buildConfigurations = (
				E5375B6523D04BC2002BDB6F /* Debug */,
				E5375B6623D04BC2002BDB6F /* Release */,
			);
			defaultConfigurationIsVisible = 0;
			defaultConfigurationName = Release;
		};
/* End XCConfigurationList section */
	};
	rootObject = E5375B2C23D04BBC002BDB6F /* Project object */;
}
